github.com/luraproject/lura/v3 v3.0.0-20260729144624-4b3057d09348 h1:YRwdVhhjjdSqcPhBVXwbceXV6GUFcTWY9iFasOODEUE=
github.com/luraproject/lura/v3 v3.0.0-20260729144624-4b3057d09348/go.mod h1:rg4I/Oe8nxfEf5V5OpaZj1dLI8HLacHA55HO3x1S5k4=
golang.org/x/text v0.37.0 h1:Cqjiwd9eSg8e0QAkyCaQTNHFIIzWtidPahFWR83rTrc=
golang.org/x/text v0.37.0/go.mod h1:a5sjxXGs9hsn/AJVwuElvCAo9v8QYLzvavO5z2PiM38=
gopkg.in/Graylog2/go-gelf.v2 v2.0.0-20191017102106-1550ee647df0 h1:Xg23ydYYJLmb9AK3XdcEpplHZd1MpN3X2ZeeMoBClmY=
gopkg.in/Graylog2/go-gelf.v2 v2.0.0-20191017102106-1550ee647df0/go.mod h1:CeDeqW4tj9FrgZXF/dQCWZrBdcZWWBenhJtxLH4On2g=
